
Microsoft Visual Studio Solution File, Format Version 12.00
# Visual Studio Version 17
VisualStudioVersion = 17.3.32811.315
MinimumVisualStudioVersion = 10.0.40219.1
Project("{9A19103F-16F7-4668-BE54-9A1E7A4F7556}") = "SimpleActor", "SimpleActor\SimpleActor.csproj", "{50C0911B-85D9-4483-B0EF-641C2857AD9C}"
EndProject
Project("{9A19103F-16F7-4668-BE54-9A1E7A4F7556}") = "Props", "Props\Props.csproj", "{A818CF84-38AE-4A08-ACFB-0F259BF60A71}"
EndProject
Project("{9A19103F-16F7-4668-BE54-9A1E7A4F7556}") = "Context", "Context\Context.csproj", "{B01BD8DE-DE05-4724-8DBC-C1896CDAA06B}"
EndProject
Project("{9A19103F-16F7-4668-BE54-9A1E7A4F7556}") = "ReEnter", "ReEnter\ReEnter.csproj", "{CE4AB8CD-7660-4746-A8A5-57C4AD80F5C9}"
EndProject
Project("{9A19103F-16F7-4668-BE54-9A1E7A4F7556}") = "Router", "Router\Router.csproj", "{153AB806-A2CE-4810-9D4A-48DFFCE5EA25}"
EndProject
Project("{9A19103F-16F7-4668-BE54-9A1E7A4F7556}") = "Behaviors", "Behaviors\Behaviors.csproj", "{CE9ED3F5-FCD5-42D8-8126-63A009DE99E7}"
EndProject
Global
	GlobalSection(SolutionConfigurationPlatforms) = preSolution
		Debug|Any CPU = Debug|Any CPU
		Release|Any CPU = Release|Any CPU
	EndGlobalSection
	GlobalSection(ProjectConfigurationPlatforms) = postSolution
		{50C0911B-85D9-4483-B0EF-641C2857AD9C}.Debug|Any CPU.ActiveCfg = Debug|Any CPU
		{50C0911B-85D9-4483-B0EF-641C2857AD9C}.Debug|Any CPU.Build.0 = Debug|Any CPU
		{50C0911B-85D9-4483-B0EF-641C2857AD9C}.Release|Any CPU.ActiveCfg = Release|Any CPU
		{50C0911B-85D9-4483-B0EF-641C2857AD9C}.Release|Any CPU.Build.0 = Release|Any CPU
		{A818CF84-38AE-4A08-ACFB-0F259BF60A71}.Debug|Any CPU.ActiveCfg = Debug|Any CPU
		{A818CF84-38AE-4A08-ACFB-0F259BF60A71}.Debug|Any CPU.Build.0 = Debug|Any CPU
		{A818CF84-38AE-4A08-ACFB-0F259BF60A71}.Release|Any CPU.ActiveCfg = Release|Any CPU
		{A818CF84-38AE-4A08-ACFB-0F259BF60A71}.Release|Any CPU.Build.0 = Release|Any CPU
		{B01BD8DE-DE05-4724-8DBC-C1896CDAA06B}.Debug|Any CPU.ActiveCfg = Debug|Any CPU
		{B01BD8DE-DE05-4724-8DBC-C1896CDAA06B}.Debug|Any CPU.Build.0 = Debug|Any CPU
		{B01BD8DE-DE05-4724-8DBC-C1896CDAA06B}.Release|Any CPU.ActiveCfg = Release|Any CPU
		{B01BD8DE-DE05-4724-8DBC-C1896CDAA06B}.Release|Any CPU.Build.0 = Release|Any CPU
		{CE4AB8CD-7660-4746-A8A5-57C4AD80F5C9}.Debug|Any CPU.ActiveCfg = Debug|Any CPU
		{CE4AB8CD-7660-4746-A8A5-57C4AD80F5C9}.Debug|Any CPU.Build.0 = Debug|Any CPU
		{CE4AB8CD-7660-4746-A8A5-57C4AD80F5C9}.Release|Any CPU.ActiveCfg = Release|Any CPU
		{CE4AB8CD-7660-4746-A8A5-57C4AD80F5C9}.Release|Any CPU.Build.0 = Release|Any CPU
		{153AB806-A2CE-4810-9D4A-48DFFCE5EA25}.Debug|Any CPU.ActiveCfg = Debug|Any CPU
		{153AB806-A2CE-4810-9D4A-48DFFCE5EA25}.Debug|Any CPU.Build.0 = Debug|Any CPU
		{153AB806-A2CE-4810-9D4A-48DFFCE5EA25}.Release|Any CPU.ActiveCfg = Release|Any CPU
		{153AB806-A2CE-4810-9D4A-48DFFCE5EA25}.Release|Any CPU.Build.0 = Release|Any CPU
		{CE9ED3F5-FCD5-42D8-8126-63A009DE99E7}.Debug|Any CPU.ActiveCfg = Debug|Any CPU
		{CE9ED3F5-FCD5-42D8-8126-63A009DE99E7}.Debug|Any CPU.Build.0 = Debug|Any CPU
		{CE9ED3F5-FCD5-42D8-8126-63A009DE99E7}.Release|Any CPU.ActiveCfg = Release|Any CPU
		{CE9ED3F5-FCD5-42D8-8126-63A009DE99E7}.Release|Any CPU.Build.0 = Release|Any CPU
	EndGlobalSection
	GlobalSection(SolutionProperties) = preSolution
		HideSolutionNode = FALSE
	EndGlobalSection
	GlobalSection(ExtensibilityGlobals) = postSolution
		SolutionGuid = {C4406914-CB9D-4B55-8EF8-360F8CC428EA}
	EndGlobalSection
EndGlobal
